
Microsoft Visual Studio Solution File, Format Version 12.00
# Visual Studio Version 16
VisualStudioVersion = 16.0.28606.126
MinimumVisualStudioVersion = 10.0.40219.1
Project("{FAE04EC0-301F-11D3-BF4B-00C04F79EFBC}") = "WebApplication2", "WebApplication2\WebApplication2.csproj", "{D8D192CC-65BB-4881-BA6E-AC7832F1E2D5}"
EndProject
Global
	GlobalSection(SolutionConfigurationPlatforms) = preSolution
		Debug|Any CPU = Debug|Any CPU
		Release|Any CPU = Release|Any CPU
	EndGlobalSection
	GlobalSection(ProjectConfigurationPlatforms) = postSolution
		{D8D192CC-65BB-4881-BA6E-AC7832F1E2D5}.Debug|Any CPU.ActiveCfg = Debug|Any CPU
		{D8D192CC-65BB-4881-BA6E-AC7832F1E2D5}.Debug|Any CPU.Build.0 = Debug|Any CPU
		{D8D192CC-65BB-4881-BA6E-AC7832F1E2D5}.Release|Any CPU.ActiveCfg = Release|Any CPU
		{D8D192CC-65BB-4881-BA6E-AC7832F1E2D5}.Release|Any CPU.Build.0 = Release|Any CPU
	EndGlobalSection
	GlobalSection(SolutionProperties) = preSolution
		HideSolutionNode = FALSE
	EndGlobalSection
	GlobalSection(ExtensibilityGlobals) = postSolution
		SolutionGuid = {D10FCCFF-0EEB-4552-8647-F9A6772C9972}
	EndGlobalSection
EndGlobal
